{
  "nodes": {
    "nixpkgs": {
      "locked": {
        "lastModified": 1785090369,
        "narHash": "sha256-m0pDuRJG7EDo9ri+4Ksu83VsI+PlxNC9lNBfydejce4=",
        "owner": "NixOS",
        "repo": "nixpkgs",
        "rev": "624af665418d3c65d544145b4d34ad696439570e",
        "type": "github"
      },
      "original": {
        "owner": "NixOS",
        "ref": "nixos-unstable",
        "repo": "nixpkgs",
        "type": "github"
      }
    },
    "root": {
      "inputs": {
        "nixpkgs": "nixpkgs",
        "scroll-flake": "scroll-flake"
      }
    },
    "scroll-flake": {
      "inputs": {
        "nixpkgs": [
          "nixpkgs"
        ],
        "scroll-git": "scroll-git",
        "scroll-stable": "scroll-stable"
      },
      "locked": {
        "lastModified": 1784856777,
        "narHash": "sha256-UmIRBtRQl5K1CMYXHSYu3bSy8tIzaKLFJ1zew9sO+zk=",
        "owner": "Diax170",
        "repo": "scroll-flake",
        "rev": "8c7c49a309e12c49cea69bb9e8c9a19c1a443d49",
        "type": "github"
      },
      "original": {
        "owner": "Diax170",
        "repo": "scroll-flake",
        "type": "github"
      }
    },
    "scroll-git": {
      "flake": false,
      "locked": {
        "lastModified": 1784836982,
        "narHash": "sha256-PkhLdxUBfNETB6nNq2cfSgeQY+wl/1ivl1jeJgWiNBA=",
        "owner": "dawsers",
        "repo": "scroll",
        "rev": "300a76f578fefdd893451696b666f0d52ab708dc",
        "type": "github"
      },
      "original": {
        "owner": "dawsers",
        "ref": "master",
        "repo": "scroll",
        "type": "github"
      }
    },
    "scroll-stable": {
      "flake": false,
      "locked": {
        "lastModified": 1779743761,
        "narHash": "sha256-NbeQO+iVgpzD/R9TBhqG9T0eS/Hpn5FVqCg+upS5cSQ=",
        "owner": "dawsers",
        "repo": "scroll",
        "rev": "03cc80e83294913b7289dcc6607a406a2a5c67ac",
        "type": "github"
      },
      "original": {
        "owner": "dawsers",
        "ref": "refs/tags/1.12.15",
        "repo": "scroll",
        "type": "github"
      }
    }
  },
  "root": "root",
  "version": 7
}
